
Microsoft Visual Studio Solution File, Format Version 12.00
# Visual Studio Version 17
VisualStudioVersion = 17.13.35806.99 d17.13
MinimumVisualStudioVersion = 10.0.40219.1
Project("{FAE04EC0-301F-11D3-BF4B-00C04F79EFBC}") = "tpmodul2_2311104070.", "..\tpmodul2_2311104070\tpmodul2_2311104070\tpmodul2_2311104070..csproj", "{DE1952D7-7EE8-487D-B57D-D9660A51CD08}"
EndProject
Global
	GlobalSection(SolutionConfigurationPlatforms) = preSolution
		Debug|Any CPU = Debug|Any CPU
		Release|Any CPU = Release|Any CPU
	EndGlobalSection
	GlobalSection(ProjectConfigurationPlatforms) = postSolution
		{DE1952D7-7EE8-487D-B57D-D9660A51CD08}.Debug|Any CPU.ActiveCfg = Debug|Any CPU
		{DE1952D7-7EE8-487D-B57D-D9660A51CD08}.Debug|Any CPU.Build.0 = Debug|Any CPU
		{DE1952D7-7EE8-487D-B57D-D9660A51CD08}.Release|Any CPU.ActiveCfg = Release|Any CPU
		{DE1952D7-7EE8-487D-B57D-D9660A51CD08}.Release|Any CPU.Build.0 = Release|Any CPU
	EndGlobalSection
	GlobalSection(SolutionProperties) = preSolution
		HideSolutionNode = FALSE
	EndGlobalSection
	GlobalSection(ExtensibilityGlobals) = postSolution
		SolutionGuid = {BA15BC8B-8E39-415B-9BD8-C57C7708DD12}
	EndGlobalSection
EndGlobal
